
Microsoft Visual Studio Solution File, Format Version 12.00
# Visual Studio 15
VisualStudioVersion = 15.0.27130.2027
MinimumVisualStudioVersion = 10.0.40219.1
Project("{2150E333-8FDC-42A3-9474-1A3956D46DE8}") = "Engine", "Engine", "{85791FE0-AC51-4F67-8FE7-FF9FC79C79EB}"
EndProject
Project("{2150E333-8FDC-42A3-9474-1A3956D46DE8}") = "Games", "Games", "{A3238EB0-AD6E-4587-9111-574A9173E8D4}"
EndProject
Project("{8BC9CEB8-8B4A-11D0-8D11-00A0C91BC942}") = "UE4", "Intermediate\ProjectFiles\UE4.vcxproj", "{F7D309C0-7C3F-4332-BB76-E97DD2277789}"
EndProject
Project("{8BC9CEB8-8B4A-11D0-8D11-00A0C91BC942}") = "BuildingEscape", "Intermediate\ProjectFiles\BuildingEscape.vcxproj", "{3A30A2B0-A5E1-440D-98D8-CDD0DEEE61C7}"
EndProject
Global
	GlobalSection(SolutionConfigurationPlatforms) = preSolution
		DebugGame Editor|HTML5 = DebugGame Editor|HTML5
		DebugGame Editor|Win32 = DebugGame Editor|Win32
		DebugGame Editor|Win64 = DebugGame Editor|Win64
		DebugGame|HTML5 = DebugGame|HTML5
		DebugGame|Win32 = DebugGame|Win32
		DebugGame|Win64 = DebugGame|Win64
		Development Editor|HTML5 = Development Editor|HTML5
		Development Editor|Win32 = Development Editor|Win32
		Development Editor|Win64 = Development Editor|Win64
		Development|HTML5 = Development|HTML5
		Development|Win32 = Development|Win32
		Development|Win64 = Development|Win64
		Shipping|HTML5 = Shipping|HTML5
		Shipping|Win32 = Shipping|Win32
		Shipping|Win64 = Shipping|Win64
	EndGlobalSection
	GlobalSection(ProjectConfigurationPlatforms) = postSolution
		{F7D309C0-7C3F-4332-BB76-E97DD2277789}.DebugGame Editor|HTML5.ActiveCfg = BuiltWithUnrealBuildTool|Win32
		{F7D309C0-7C3F-4332-BB76-E97DD2277789}.DebugGame Editor|HTML5.Build.0 = BuiltWithUnrealBuildTool|Win32
		{F7D309C0-7C3F-4332-BB76-E97DD2277789}.DebugGame Editor|Win32.ActiveCfg = BuiltWithUnrealBuildTool|Win32
		{F7D309C0-7C3F-4332-BB76-E97DD2277789}.DebugGame Editor|Win32.Build.0 = BuiltWithUnrealBuildTool|Win32
		{F7D309C0-7C3F-4332-BB76-E97DD2277789}.DebugGame Editor|Win64.ActiveCfg = BuiltWithUnrealBuildTool|Win32
		{F7D309C0-7C3F-4332-BB76-E97DD2277789}.DebugGame Editor|Win64.Build.0 = BuiltWithUnrealBuildTool|Win32
		{F7D309C0-7C3F-4332-BB76-E97DD2277789}.DebugGame|HTML5.ActiveCfg = BuiltWithUnrealBuildTool|Win32
		{F7D309C0-7C3F-4332-BB76-E97DD2277789}.DebugGame|HTML5.Build.0 = BuiltWithUnrealBuildTool|Win32
		{F7D309C0-7C3F-4332-BB76-E97DD2277789}.DebugGame|Win32.ActiveCfg = BuiltWithUnrealBuildTool|Win32
		{F7D309C0-7C3F-4332-BB76-E97DD2277789}.DebugGame|Win32.Build.0 = BuiltWithUnrealBuildTool|Win32
		{F7D309C0-7C3F-4332-BB76-E97DD2277789}.DebugGame|Win64.ActiveCfg = BuiltWithUnrealBuildTool|Win32
		{F7D309C0-7C3F-4332-BB76-E97DD2277789}.DebugGame|Win64.Build.0 = BuiltWithUnrealBuildTool|Win32
		{F7D309C0-7C3F-4332-BB76-E97DD2277789}.Development Editor|HTML5.ActiveCfg = BuiltWithUnrealBuildTool|Win32
		{F7D309C0-7C3F-4332-BB76-E97DD2277789}.Development Editor|HTML5.Build.0 = BuiltWithUnrealBuildTool|Win32
		{F7D309C0-7C3F-4332-BB76-E97DD2277789}.Development Editor|Win32.ActiveCfg = BuiltWithUnrealBuildTool|Win32
		{F7D309C0-7C3F-4332-BB76-E97DD2277789}.Development Editor|Win32.Build.0 = BuiltWithUnrealBuildTool|Win32
		{F7D309C0-7C3F-4332-BB76-E97DD2277789}.Development Editor|Win64.ActiveCfg = BuiltWithUnrealBuildTool|Win32
		{F7D309C0-7C3F-4332-BB76-E97DD2277789}.Development Editor|Win64.Build.0 = BuiltWithUnrealBuildTool|Win32
		{F7D309C0-7C3F-4332-BB76-E97DD2277789}.Development|HTML5.ActiveCfg = BuiltWithUnrealBuildTool|Win32
		{F7D309C0-7C3F-4332-BB76-E97DD2277789}.Development|HTML5.Build.0 = BuiltWithUnrealBuildTool|Win32
		{F7D309C0-7C3F-4332-BB76-E97DD2277789}.Development|Win32.ActiveCfg = BuiltWithUnrealBuildTool|Win32
		{F7D309C0-7C3F-4332-BB76-E97DD2277789}.Development|Win32.Build.0 = BuiltWithUnrealBuildTool|Win32
		{F7D309C0-7C3F-4332-BB76-E97DD2277789}.Development|Win64.ActiveCfg = BuiltWithUnrealBuildTool|Win32
		{F7D309C0-7C3F-4332-BB76-E97DD2277789}.Development|Win64.Build.0 = BuiltWithUnrealBuildTool|Win32
		{F7D309C0-7C3F-4332-BB76-E97DD2277789}.Shipping|HTML5.ActiveCfg = BuiltWithUnrealBuildTool|Win32
		{F7D309C0-7C3F-4332-BB76-E97DD2277789}.Shipping|HTML5.Build.0 = BuiltWithUnrealBuildTool|Win32
		{F7D309C0-7C3F-4332-BB76-E97DD2277789}.Shipping|Win32.ActiveCfg = BuiltWithUnrealBuildTool|Win32
		{F7D309C0-7C3F-4332-BB76-E97DD2277789}.Shipping|Win32.Build.0 = BuiltWithUnrealBuildTool|Win32
		{F7D309C0-7C3F-4332-BB76-E97DD2277789}.Shipping|Win64.ActiveCfg = BuiltWithUnrealBuildTool|Win32
		{F7D309C0-7C3F-4332-BB76-E97DD2277789}.Shipping|Win64.Build.0 = BuiltWithUnrealBuildTool|Win32
		{3A30A2B0-A5E1-440D-98D8-CDD0DEEE61C7}.DebugGame Editor|HTML5.ActiveCfg = HTML5_DebugGame_Editor|Win32
		{3A30A2B0-A5E1-440D-98D8-CDD0DEEE61C7}.DebugGame Editor|Win32.ActiveCfg = DebugGame_Editor|Win32
		{3A30A2B0-A5E1-440D-98D8-CDD0DEEE61C7}.DebugGame Editor|Win64.ActiveCfg = DebugGame_Editor|x64
		{3A30A2B0-A5E1-440D-98D8-CDD0DEEE61C7}.DebugGame Editor|Win64.Build.0 = DebugGame_Editor|x64
		{3A30A2B0-A5E1-440D-98D8-CDD0DEEE61C7}.DebugGame|HTML5.ActiveCfg = HTML5_DebugGame_Game|Win32
		{3A30A2B0-A5E1-440D-98D8-CDD0DEEE61C7}.DebugGame|HTML5.Build.0 = HTML5_DebugGame_Game|Win32
		{3A30A2B0-A5E1-440D-98D8-CDD0DEEE61C7}.DebugGame|Win32.ActiveCfg = DebugGame_Game|Win32
		{3A30A2B0-A5E1-440D-98D8-CDD0DEEE61C7}.DebugGame|Win32.Build.0 = DebugGame_Game|Win32
		{3A30A2B0-A5E1-440D-98D8-CDD0DEEE61C7}.DebugGame|Win64.ActiveCfg = DebugGame_Game|x64
		{3A30A2B0-A5E1-440D-98D8-CDD0DEEE61C7}.DebugGame|Win64.Build.0 = DebugGame_Game|x64
		{3A30A2B0-A5E1-440D-98D8-CDD0DEEE61C7}.Development Editor|HTML5.ActiveCfg = HTML5_Development_Editor|Win32
		{3A30A2B0-A5E1-440D-98D8-CDD0DEEE61C7}.Development Editor|Win32.ActiveCfg = Development_Editor|Win32
		{3A30A2B0-A5E1-440D-98D8-CDD0DEEE61C7}.Development Editor|Win64.ActiveCfg = Development_Editor|x64
		{3A30A2B0-A5E1-440D-98D8-CDD0DEEE61C7}.Development Editor|Win64.Build.0 = Development_Editor|x64
		{3A30A2B0-A5E1-440D-98D8-CDD0DEEE61C7}.Development|HTML5.ActiveCfg = HTML5_Development_Game|Win32
		{3A30A2B0-A5E1-440D-98D8-CDD0DEEE61C7}.Development|HTML5.Build.0 = HTML5_Development_Game|Win32
		{3A30A2B0-A5E1-440D-98D8-CDD0DEEE61C7}.Development|Win32.ActiveCfg = Development_Game|Win32
		{3A30A2B0-A5E1-440D-98D8-CDD0DEEE61C7}.Development|Win32.Build.0 = Development_Game|Win32
		{3A30A2B0-A5E1-440D-98D8-CDD0DEEE61C7}.Development|Win64.ActiveCfg = Development_Game|x64
		{3A30A2B0-A5E1-440D-98D8-CDD0DEEE61C7}.Development|Win64.Build.0 = Development_Game|x64
		{3A30A2B0-A5E1-440D-98D8-CDD0DEEE61C7}.Shipping|HTML5.ActiveCfg = HTML5_Shipping_Game|Win32
		{3A30A2B0-A5E1-440D-98D8-CDD0DEEE61C7}.Shipping|HTML5.Build.0 = HTML5_Shipping_Game|Win32
		{3A30A2B0-A5E1-440D-98D8-CDD0DEEE61C7}.Shipping|Win32.ActiveCfg = Shipping_Game|Win32
		{3A30A2B0-A5E1-440D-98D8-CDD0DEEE61C7}.Shipping|Win32.Build.0 = Shipping_Game|Win32
		{3A30A2B0-A5E1-440D-98D8-CDD0DEEE61C7}.Shipping|Win64.ActiveCfg = Shipping_Game|x64
		{3A30A2B0-A5E1-440D-98D8-CDD0DEEE61C7}.Shipping|Win64.Build.0 = Shipping_Game|x64
	EndGlobalSection
	GlobalSection(SolutionProperties) = preSolution
		HideSolutionNode = FALSE
	EndGlobalSection
	GlobalSection(NestedProjects) = preSolution
		{F7D309C0-7C3F-4332-BB76-E97DD2277789} = {85791FE0-AC51-4F67-8FE7-FF9FC79C79EB}
		{3A30A2B0-A5E1-440D-98D8-CDD0DEEE61C7} = {A3238EB0-AD6E-4587-9111-574A9173E8D4}
	EndGlobalSection
	GlobalSection(ExtensibilityGlobals) = postSolution
		SolutionGuid = {1D82B80F-64B2-4DBA-91F5-6727CE94D0A6}
	EndGlobalSection
EndGlobal
